
Microsoft Visual Studio Solution File, Format Version 12.00
# Visual Studio Version 17
VisualStudioVersion = 17.5.002.0
MinimumVisualStudioVersion = 10.0.40219.1
Project("{9A19103F-16F7-4668-BE54-9A1E7A4F7556}") = "Api", "Api.csproj", "{CA58C67C-164F-4E3D-9160-3F7EFA766E7A}"
EndProject
Global
	GlobalSection(SolutionConfigurationPlatforms) = preSolution
		Debug|Any CPU = Debug|Any CPU
		Release|Any CPU = Release|Any CPU
	EndGlobalSection
	GlobalSection(ProjectConfigurationPlatforms) = postSolution
		{CA58C67C-164F-4E3D-9160-3F7EFA766E7A}.Debug|Any CPU.ActiveCfg = Debug|Any CPU
		{CA58C67C-164F-4E3D-9160-3F7EFA766E7A}.Debug|Any CPU.Build.0 = Debug|Any CPU
		{CA58C67C-164F-4E3D-9160-3F7EFA766E7A}.Release|Any CPU.ActiveCfg = Release|Any CPU
		{CA58C67C-164F-4E3D-9160-3F7EFA766E7A}.Release|Any CPU.Build.0 = Release|Any CPU
	EndGlobalSection
	GlobalSection(SolutionProperties) = preSolution
		HideSolutionNode = FALSE
	EndGlobalSection
	GlobalSection(ExtensibilityGlobals) = postSolution
		SolutionGuid = {2DCB3998-FB8B-4EB9-8F40-EF901DE0B7B7}
	EndGlobalSection
EndGlobal
